// !$*UTF8*$!
{
	archiveVersion = 1;
	classes = {
	};
	objectVersion = 50;
	objects = {

/* Begin PBXBuildFile section */
		55ED090623E5D8D800407EF0 /* AppDelegate.m in Sources */ = {isa = PBXBuildFile; fileRef = 55ED090523E5D8D800407EF0 /* AppDelegate.m */; };
		55ED090923E5D8D800407EF0 /* ViewController.m in Sources */ = {isa = PBXBuildFile; fileRef = 55ED090823E5D8D800407EF0 /* ViewController.m */; };
		55ED090C23E5D8D800407EF0 /* Main.storyboard in Resources */ = {isa = PBXBuildFile; fileRef = 55ED090A23E5D8D800407EF0 /* Main.storyboard */; };
		55ED090E23E5D8DD00407EF0 /* Assets.xcassets in Resources */ = {isa = PBXBuildFile; fileRef = 55ED090D23E5D8DD00407EF0 /* Assets.xcassets */; };
		55ED091123E5D8DD00407EF0 /* LaunchScreen.storyboard in Resources */ = {isa = PBXBuildFile; fileRef = 55ED090F23E5D8DD00407EF0 /* LaunchScreen.storyboard */; };
		55ED091423E5D8DD00407EF0 /* main.m in Sources */ = {isa = PBXBuildFile; fileRef = 55ED091323E5D8DD00407EF0 /* main.m */; };
		55ED091E23E5D8DD00407EF0 /* HttpServerRequestTests.m in Sources */ = {isa = PBXBuildFile; fileRef = 55ED091D23E5D8DD00407EF0 /* HttpServerRequestTests.m */; };
		55ED092923E5D8DD00407EF0 /* HttpServerRequestUITests.m in Sources */ = {isa = PBXBuildFile; fileRef = 55ED092823E5D8DD00407EF0 /* HttpServerRequestUITests.m */; };
		55ED093923E5E81500407EF0 /* SingleItemViewCell.m in Sources */ = {isa = PBXBuildFile; fileRef = 55ED093823E5E81500407EF0 /* SingleItemViewCell.m */; };
		55ED093E23E5FAEA00407EF0 /* WebServices.m in Sources */ = {isa = PBXBuildFile; fileRef = 55ED093D23E5FAEA00407EF0 /* WebServices.m */; };
/* End PBXBuildFile section */

/* Begin PBXContainerItemProxy section */
		55ED091A23E5D8DD00407EF0 /* PBXContainerItemProxy */ = {
			isa = PBXContainerItemProxy;
			containerPortal = 55ED08F923E5D8D800407EF0 /* Project object */;
			proxyType = 1;
			remoteGlobalIDString = 55ED090023E5D8D800407EF0;
			remoteInfo = HttpServerRequest;
		};
		55ED092523E5D8DD00407EF0 /* PBXContainerItemProxy */ = {
			isa = PBXContainerItemProxy;
			containerPortal = 55ED08F923E5D8D800407EF0 /* Project object */;
			proxyType = 1;
			remoteGlobalIDString = 55ED090023E5D8D800407EF0;
			remoteInfo = HttpServerRequest;
		};
/* End PBXContainerItemProxy section */

/* Begin PBXFileReference section */
		55ED090123E5D8D800407EF0 /* HttpServerRequest.app */ = {isa = PBXFileReference; explicitFileType = wrapper.application; includeInIndex = 0; path = HttpServerRequest.app; sourceTree = BUILT_PRODUCTS_DIR; };
		55ED090423E5D8D800407EF0 /* AppDelegate.h */ = {isa = PBXFileReference; lastKnownFileType = sourcecode.c.h; path = AppDelegate.h; sourceTree = "<group>"; };
		55ED090523E5D8D800407EF0 /* AppDelegate.m */ = {isa = PBXFileReference; lastKnownFileType = sourcecode.c.objc; path = AppDelegate.m; sourceTree = "<group>"; };
		55ED090723E5D8D800407EF0 /* ViewController.h */ = {isa = PBXFileReference; lastKnownFileType = sourcecode.c.h; path = ViewController.h; sourceTree = "<group>"; };
		55ED090823E5D8D800407EF0 /* ViewController.m */ = {isa = PBXFileReference; lastKnownFileType = sourcecode.c.objc; path = ViewController.m; sourceTree = "<group>"; };
		55ED090B23E5D8D800407EF0 /* Base */ = {isa = PBXFileReference; lastKnownFileType = file.storyboard; name = Base; path = Base.lproj/Main.storyboard; sourceTree = "<group>"; };
		55ED090D23E5D8DD00407EF0 /* Assets.xcassets */ = {isa = PBXFileReference; lastKnownFileType = folder.assetcatalog; path = Assets.xcassets; sourceTree = "<group>"; };
		55ED091023E5D8DD00407EF0 /* Base */ = {isa = PBXFileReference; lastKnownFileType = file.storyboard; name = Base; path = Base.lproj/LaunchScreen.storyboard; sourceTree = "<group>"; };
		55ED091223E5D8DD00407EF0 /* Info.plist */ = {isa = PBXFileReference; lastKnownFileType = text.plist.xml; path = Info.plist; sourceTree = "<group>"; };
		55ED091323E5D8DD00407EF0 /* main.m */ = {isa = PBXFileReference; lastKnownFileType = sourcecode.c.objc; path = main.m; sourceTree = "<group>"; };
		55ED091923E5D8DD00407EF0 /* HttpServerRequestTests.xctest */ = {isa = PBXFileReference; explicitFileType = wrapper.cfbundle; includeInIndex = 0; path = HttpServerRequestTests.xctest; sourceTree = BUILT_PRODUCTS_DIR; };
		55ED091D23E5D8DD00407EF0 /* HttpServerRequestTests.m */ = {isa = PBXFileReference; lastKnownFileType = sourcecode.c.objc; path = HttpServerRequestTests.m; sourceTree = "<group>"; };
		55ED091F23E5D8DD00407EF0 /* Info.plist */ = {isa = PBXFileReference; lastKnownFileType = text.plist.xml; path = Info.plist; sourceTree = "<group>"; };
		55ED092423E5D8DD00407EF0 /* HttpServerRequestUITests.xctest */ = {isa = PBXFileReference; explicitFileType = wrapper.cfbundle; includeInIndex = 0; path = HttpServerRequestUITests.xctest; sourceTree = BUILT_PRODUCTS_DIR; };
		55ED092823E5D8DD00407EF0 /* HttpServerRequestUITests.m */ = {isa = PBXFileReference; lastKnownFileType = sourcecode.c.objc; path = HttpServerRequestUITests.m; sourceTree = "<group>"; };
		55ED092A23E5D8DD00407EF0 /* Info.plist */ = {isa = PBXFileReference; lastKnownFileType = text.plist.xml; path = Info.plist; sourceTree = "<group>"; };
		55ED093723E5E81500407EF0 /* SingleItemViewCell.h */ = {isa = PBXFileReference; lastKnownFileType = sourcecode.c.h; path = SingleItemViewCell.h; sourceTree = "<group>"; };
		55ED093823E5E81500407EF0 /* SingleItemViewCell.m */ = {isa = PBXFileReference; lastKnownFileType = sourcecode.c.objc; path = SingleItemViewCell.m; sourceTree = "<group>"; };
		55ED093C23E5FAEA00407EF0 /* WebServices.h */ = {isa = PBXFileReference; lastKnownFileType = sourcecode.c.h; path = WebServices.h; sourceTree = "<group>"; };
		55ED093D23E5FAEA00407EF0 /* WebServices.m */ = {isa = PBXFileReference; lastKnownFileType = sourcecode.c.objc; path = WebServices.m; sourceTree = "<group>"; };
/* End PBXFileReference section */

/* Begin PBXFrameworksBuildPhase section */
		55ED08FE23E5D8D800407EF0 /* Frameworks */ = {
			isa = PBXFrameworksBuildPhase;
			buildActionMask = 2147483647;
			files = (
			);
			runOnlyForDeploymentPostprocessing = 0;
		};
		55ED091623E5D8DD00407EF0 /* Frameworks */ = {
			isa = PBXFrameworksBuildPhase;
			buildActionMask = 2147483647;
			files = (
			);
			runOnlyForDeploymentPostprocessing = 0;
		};
		55ED092123E5D8DD00407EF0 /* Frameworks */ = {
			isa = PBXFrameworksBuildPhase;
			buildActionMask = 2147483647;
			files = (
			);
			runOnlyForDeploymentPostprocessing = 0;
		};
/* End PBXFrameworksBuildPhase section */

/* Begin PBXGroup section */
		55ED08F823E5D8D800407EF0 = {
			isa = PBXGroup;
			children = (
				55ED090323E5D8D800407EF0 /* HttpServerRequest */,
				55ED091C23E5D8DD00407EF0 /* HttpServerRequestTests */,
				55ED092723E5D8DD00407EF0 /* HttpServerRequestUITests */,
				55ED090223E5D8D800407EF0 /* Products */,
			);
			sourceTree = "<group>";
		};
		55ED090223E5D8D800407EF0 /* Products */ = {
			isa = PBXGroup;
			children = (
				55ED090123E5D8D800407EF0 /* HttpServerRequest.app */,
				55ED091923E5D8DD00407EF0 /* HttpServerRequestTests.xctest */,
				55ED092423E5D8DD00407EF0 /* HttpServerRequestUITests.xctest */,
			);
			name = Products;
			sourceTree = "<group>";
		};
		55ED090323E5D8D800407EF0 /* HttpServerRequest */ = {
			isa = PBXGroup;
			children = (
				55ED093B23E5E98B00407EF0 /* Controller */,
				55ED093A23E5E96800407EF0 /* View */,
				55ED093623E5E7D600407EF0 /* Model */,
				55ED090423E5D8D800407EF0 /* AppDelegate.h */,
				55ED090523E5D8D800407EF0 /* AppDelegate.m */,
				55ED091223E5D8DD00407EF0 /* Info.plist */,
				55ED091323E5D8DD00407EF0 /* main.m */,
			);
			path = HttpServerRequest;
			sourceTree = "<group>";
		};
		55ED091C23E5D8DD00407EF0 /* HttpServerRequestTests */ = {
			isa = PBXGroup;
			children = (
				55ED091D23E5D8DD00407EF0 /* HttpServerRequestTests.m */,
				55ED091F23E5D8DD00407EF0 /* Info.plist */,
			);
			path = HttpServerRequestTests;
			sourceTree = "<group>";
		};
		55ED092723E5D8DD00407EF0 /* HttpServerRequestUITests */ = {
			isa = PBXGroup;
			children = (
				55ED092823E5D8DD00407EF0 /* HttpServerRequestUITests.m */,
				55ED092A23E5D8DD00407EF0 /* Info.plist */,
			);
			path = HttpServerRequestUITests;
			sourceTree = "<group>";
		};
		55ED093623E5E7D600407EF0 /* Model */ = {
			isa = PBXGroup;
			children = (
				55ED093723E5E81500407EF0 /* SingleItemViewCell.h */,
				55ED093823E5E81500407EF0 /* SingleItemViewCell.m */,
				55ED093C23E5FAEA00407EF0 /* WebServices.h */,
				55ED093D23E5FAEA00407EF0 /* WebServices.m */,
			);
			path = Model;
			sourceTree = "<group>";
		};
		55ED093A23E5E96800407EF0 /* View */ = {
			isa = PBXGroup;
			children = (
				55ED090A23E5D8D800407EF0 /* Main.storyboard */,
				55ED090F23E5D8DD00407EF0 /* LaunchScreen.storyboard */,
				55ED090D23E5D8DD00407EF0 /* Assets.xcassets */,
			);
			path = View;
			sourceTree = "<group>";
		};
		55ED093B23E5E98B00407EF0 /* Controller */ = {
			isa = PBXGroup;
			children = (
				55ED090723E5D8D800407EF0 /* ViewController.h */,
				55ED090823E5D8D800407EF0 /* ViewController.m */,
			);
			path = Controller;
			sourceTree = "<group>";
		};
/* End PBXGroup section */

/* Begin PBXNativeTarget section */
		55ED090023E5D8D800407EF0 /* HttpServerRequest */ = {
			isa = PBXNativeTarget;
			buildConfigurationList = 55ED092D23E5D8DD00407EF0 /* Build configuration list for PBXNativeTarget "HttpServerRequest" */;
			buildPhases = (
				55ED08FD23E5D8D800407EF0 /* Sources */,
				55ED08FE23E5D8D800407EF0 /* Frameworks */,
				55ED08FF23E5D8D800407EF0 /* Resources */,
			);
			buildRules = (
			);
			dependencies = (
			);
			name = HttpServerRequest;
			productName = HttpServerRequest;
			productReference = 55ED090123E5D8D800407EF0 /* HttpServerRequest.app */;
			productType = "com.apple.product-type.application";
		};
		55ED091823E5D8DD00407EF0 /* HttpServerRequestTests */ = {
			isa = PBXNativeTarget;
			buildConfigurationList = 55ED093023E5D8DD00407EF0 /* Build configuration list for PBXNativeTarget "HttpServerRequestTests" */;
			buildPhases = (
				55ED091523E5D8DD00407EF0 /* Sources */,
				55ED091623E5D8DD00407EF0 /* Frameworks */,
				55ED091723E5D8DD00407EF0 /* Resources */,
			);
			buildRules = (
			);
			dependencies = (
				55ED091B23E5D8DD00407EF0 /* PBXTargetDependency */,
			);
			name = HttpServerRequestTests;
			productName = HttpServerRequestTests;
			productReference = 55ED091923E5D8DD00407EF0 /* HttpServerRequestTests.xctest */;
			productType = "com.apple.product-type.bundle.unit-test";
		};
		55ED092323E5D8DD00407EF0 /* HttpServerRequestUITests */ = {
			isa = PBXNativeTarget;
			buildConfigurationList = 55ED093323E5D8DD00407EF0 /* Build configuration list for PBXNativeTarget "HttpServerRequestUITests" */;
			buildPhases = (
				55ED092023E5D8DD00407EF0 /* Sources */,
				55ED092123E5D8DD00407EF0 /* Frameworks */,
				55ED092223E5D8DD00407EF0 /* Resources */,
			);
			buildRules = (
			);
			dependencies = (
				55ED092623E5D8DD00407EF0 /* PBXTargetDependency */,
			);
			name = HttpServerRequestUITests;
			productName = HttpServerRequestUITests;
			productReference = 55ED092423E5D8DD00407EF0 /* HttpServerRequestUITests.xctest */;
			productType = "com.apple.product-type.bundle.ui-testing";
		};
/* End PBXNativeTarget section */

/* Begin PBXProject section */
		55ED08F923E5D8D800407EF0 /* Project object */ = {
			isa = PBXProject;
			attributes = {
				LastUpgradeCheck = 1010;
				ORGANIZATIONNAME = "Mehedi Hasan";
				TargetAttributes = {
					55ED090023E5D8D800407EF0 = {
						CreatedOnToolsVersion = 10.1;
					};
					55ED091823E5D8DD00407EF0 = {
						CreatedOnToolsVersion = 10.1;
						TestTargetID = 55ED090023E5D8D800407EF0;
					};
					55ED092323E5D8DD00407EF0 = {
						CreatedOnToolsVersion = 10.1;
						TestTargetID = 55ED090023E5D8D800407EF0;
					};
				};
			};
			buildConfigurationList = 55ED08FC23E5D8D800407EF0 /* Build configuration list for PBXProject "HttpServerRequest" */;
			compatibilityVersion = "Xcode 9.3";
			developmentRegion = en;
			hasScannedForEncodings = 0;
			knownRegions = (
				en,
				Base,
			);
			mainGroup = 55ED08F823E5D8D800407EF0;
			productRefGroup = 55ED090223E5D8D800407EF0 /* Products */;
			projectDirPath = "";
			projectRoot = "";
			targets = (
				55ED090023E5D8D800407EF0 /* HttpServerRequest */,
				55ED091823E5D8DD00407EF0 /* HttpServerRequestTests */,
				55ED092323E5D8DD00407EF0 /* HttpServerRequestUITests */,
			);
		};
/* End PBXProject section */

/* Begin PBXResourcesBuildPhase section */
		55ED08FF23E5D8D800407EF0 /* Resources */ = {
			isa = PBXResourcesBuildPhase;
			buildActionMask = 2147483647;
			files = (
				55ED091123E5D8DD00407EF0 /* LaunchScreen.storyboard in Resources */,
				55ED090E23E5D8DD00407EF0 /* Assets.xcassets in Resources */,
				55ED090C23E5D8D800407EF0 /* Main.storyboard in Resources */,
			);
			runOnlyForDeploymentPostprocessing = 0;
		};
		55ED091723E5D8DD00407EF0 /* Resources */ = {
			isa = PBXResourcesBuildPhase;
			buildActionMask = 2147483647;
			files = (
			);
			runOnlyForDeploymentPostprocessing = 0;
		};
		55ED092223E5D8DD00407EF0 /* Resources */ = {
			isa = PBXResourcesBuildPhase;
			buildActionMask = 2147483647;
			files = (
			);
			runOnlyForDeploymentPostprocessing = 0;
		};
/* End PBXResourcesBuildPhase section */

/* Begin PBXSourcesBuildPhase section */
		55ED08FD23E5D8D800407EF0 /* Sources */ = {
			isa = PBXSourcesBuildPhase;
			buildActionMask = 2147483647;
			files = (
				55ED090923E5D8D800407EF0 /* ViewController.m in Sources */,
				55ED093E23E5FAEA00407EF0 /* WebServices.m in Sources */,
				55ED091423E5D8DD00407EF0 /* main.m in Sources */,
				55ED090623E5D8D800407EF0 /* AppDelegate.m in Sources */,
				55ED093923E5E81500407EF0 /* SingleItemViewCell.m in Sources */,
			);
			runOnlyForDeploymentPostprocessing = 0;
		};
		55ED091523E5D8DD00407EF0 /* Sources */ = {
			isa = PBXSourcesBuildPhase;
			buildActionMask = 2147483647;
			files = (
				55ED091E23E5D8DD00407EF0 /* HttpServerRequestTests.m in Sources */,
			);
			runOnlyForDeploymentPostprocessing = 0;
		};
		55ED092023E5D8DD00407EF0 /* Sources */ = {
			isa = PBXSourcesBuildPhase;
			buildActionMask = 2147483647;
			files = (
				55ED092923E5D8DD00407EF0 /* HttpServerRequestUITests.m in Sources */,
			);
			runOnlyForDeploymentPostprocessing = 0;
		};
/* End PBXSourcesBuildPhase section */

/* Begin PBXTargetDependency section */
		55ED091B23E5D8DD00407EF0 /* PBXTargetDependency */ = {
			isa = PBXTargetDependency;
			target = 55ED090023E5D8D800407EF0 /* HttpServerRequest */;
			targetProxy = 55ED091A23E5D8DD00407EF0 /* PBXContainerItemProxy */;
		};
		55ED092623E5D8DD00407EF0 /* PBXTargetDependency */ = {
			isa = PBXTargetDependency;
			target = 55ED090023E5D8D800407EF0 /* HttpServerRequest */;
			targetProxy = 55ED092523E5D8DD00407EF0 /* PBXContainerItemProxy */;
		};
/* End PBXTargetDependency section */

/* Begin PBXVariantGroup section */
		55ED090A23E5D8D800407EF0 /* Main.storyboard */ = {
			isa = PBXVariantGroup;
			children = (
				55ED090B23E5D8D800407EF0 /* Base */,
			);
			name = Main.storyboard;
			sourceTree = "<group>";
		};
		55ED090F23E5D8DD00407EF0 /* LaunchScreen.storyboard */ = {
			isa = PBXVariantGroup;
			children = (
				55ED091023E5D8DD00407EF0 /* Base */,
			);
			name = LaunchScreen.storyboard;
			sourceTree = "<group>";
		};
/* End PBXVariantGroup section */

/* Begin XCBuildConfiguration section */
		55ED092B23E5D8DD00407EF0 /* Debug */ = {
			isa = XCBuildConfiguration;
			buildSettings = {
				ALWAYS_SEARCH_USER_PATHS = NO;
				CLANG_ANALYZER_NONNULL = YES;
				CLANG_ANALYZER_NUMBER_OBJECT_CONVERSION = YES_AGGRESSIVE;
				CLANG_CXX_LANGUAGE_STANDARD = "gnu++14";
				CLANG_CXX_LIBRARY = "libc++";
				CLANG_ENABLE_MODULES = YES;
				CLANG_ENABLE_OBJC_ARC = YES;
				CLANG_ENABLE_OBJC_WEAK = YES;
				CLANG_WARN_BLOCK_CAPTURE_AUTORELEASING = YES;
				CLANG_WARN_BOOL_CONVERSION = YES;
				CLANG_WARN_COMMA = YES;
				CLANG_WARN_CONSTANT_CONVERSION = YES;
				CLANG_WARN_DEPRECATED_OBJC_IMPLEMENTATIONS = YES;
				CLANG_WARN_DIRECT_OBJC_ISA_USAGE = YES_ERROR;
				CLANG_WARN_DOCUMENTATION_COMMENTS = YES;
				CLANG_WARN_EMPTY_BODY = YES;
				CLANG_WARN_ENUM_CONVERSION = YES;
				CLANG_WARN_INFINITE_RECURSION = YES;
				CLANG_WARN_INT_CONVERSION = YES;
				CLANG_WARN_NON_LITERAL_NULL_CONVERSION = YES;
				CLANG_WARN_OBJC_IMPLICIT_RETAIN_SELF = YES;
				CLANG_WARN_OBJC_LITERAL_CONVERSION = YES;
				CLANG_WARN_OBJC_ROOT_CLASS = YES_ERROR;
				CLANG_WARN_RANGE_LOOP_ANALYSIS = YES;
				CLANG_WARN_STRICT_PROTOTYPES = YES;
				CLANG_WARN_SUSPICIOUS_MOVE = YES;
				CLANG_WARN_UNGUARDED_AVAILABILITY = YES_AGGRESSIVE;
				CLANG_WARN_UNREACHABLE_CODE = YES;
				CLANG_WARN__DUPLICATE_METHOD_MATCH = YES;
				CODE_SIGN_IDENTITY = "iPhone Developer";
				COPY_PHASE_STRIP = NO;
				DEBUG_INFORMATION_FORMAT = dwarf;
				ENABLE_STRICT_OBJC_MSGSEND = YES;
				ENABLE_TESTABILITY = YES;
				GCC_C_LANGUAGE_STANDARD = gnu11;
				GCC_DYNAMIC_NO_PIC = NO;
				GCC_NO_COMMON_BLOCKS = YES;
				GCC_OPTIMIZATION_LEVEL = 0;
				GCC_PREPROCESSOR_DEFINITIONS = (
					"DEBUG=1",
					"$(inherited)",
				);
				GCC_WARN_64_TO_32_BIT_CONVERSION = YES;
				GCC_WARN_ABOUT_RETURN_TYPE = YES_ERROR;
				GCC_WARN_UNDECLARED_SELECTOR = YES;
				GCC_WARN_UNINITIALIZED_AUTOS = YES_AGGRESSIVE;
				GCC_WARN_UNUSED_FUNCTION = YES;
				GCC_WARN_UNUSED_VARIABLE = YES;
				IPHONEOS_DEPLOYMENT_TARGET = 12.1;
				MTL_ENABLE_DEBUG_INFO = INCLUDE_SOURCE;
				MTL_FAST_MATH = YES;
				ONLY_ACTIVE_ARCH = YES;
				SDKROOT = iphoneos;
			};
			name = Debug;
		};
		55ED092C23E5D8DD00407EF0 /* Release */ = {
			isa = XCBuildConfiguration;
			buildSettings = {
				ALWAYS_SEARCH_USER_PATHS = NO;
				CLANG_ANALYZER_NONNULL = YES;
				CLANG_ANALYZER_NUMBER_OBJECT_CONVERSION = YES_AGGRESSIVE;
				CLANG_CXX_LANGUAGE_STANDARD = "gnu++14";
				CLANG_CXX_LIBRARY = "libc++";
				CLANG_ENABLE_MODULES = YES;
				CLANG_ENABLE_OBJC_ARC = YES;
				CLANG_ENABLE_OBJC_WEAK = YES;
				CLANG_WARN_BLOCK_CAPTURE_AUTORELEASING = YES;
				CLANG_WARN_BOOL_CONVERSION = YES;
				CLANG_WARN_COMMA = YES;
				CLANG_WARN_CONSTANT_CONVERSION = YES;
				CLANG_WARN_DEPRECATED_OBJC_IMPLEMENTATIONS = YES;
				CLANG_WARN_DIRECT_OBJC_ISA_USAGE = YES_ERROR;
				CLANG_WARN_DOCUMENTATION_COMMENTS = YES;
				CLANG_WARN_EMPTY_BODY = YES;
				CLANG_WARN_ENUM_CONVERSION = YES;
				CLANG_WARN_INFINITE_RECURSION = YES;
				CLANG_WARN_INT_CONVERSION = YES;
				CLANG_WARN_NON_LITERAL_NULL_CONVERSION = YES;
				CLANG_WARN_OBJC_IMPLICIT_RETAIN_SELF = YES;
				CLANG_WARN_OBJC_LITERAL_CONVERSION = YES;
				CLANG_WARN_OBJC_ROOT_CLASS = YES_ERROR;
				CLANG_WARN_RANGE_LOOP_ANALYSIS = YES;
				CLANG_WARN_STRICT_PROTOTYPES = YES;
				CLANG_WARN_SUSPICIOUS_MOVE = YES;
				CLANG_WARN_UNGUARDED_AVAILABILITY = YES_AGGRESSIVE;
				CLANG_WARN_UNREACHABLE_CODE = YES;
				CLANG_WARN__DUPLICATE_METHOD_MATCH = YES;
				CODE_SIGN_IDENTITY = "iPhone Developer";
				COPY_PHASE_STRIP = NO;
				DEBUG_INFORMATION_FORMAT = "dwarf-with-dsym";
				ENABLE_NS_ASSERTIONS = NO;
				ENABLE_STRICT_OBJC_MSGSEND = YES;
				GCC_C_LANGUAGE_STANDARD = gnu11;
				GCC_NO_COMMON_BLOCKS = YES;
				GCC_WARN_64_TO_32_BIT_CONVERSION = YES;
				GCC_WARN_ABOUT_RETURN_TYPE = YES_ERROR;
				GCC_WARN_UNDECLARED_SELECTOR = YES;
				GCC_WARN_UNINITIALIZED_AUTOS = YES_AGGRESSIVE;
				GCC_WARN_UNUSED_FUNCTION = YES;
				GCC_WARN_UNUSED_VARIABLE = YES;
				IPHONEOS_DEPLOYMENT_TARGET = 12.1;
				MTL_ENABLE_DEBUG_INFO = NO;
				MTL_FAST_MATH = YES;
				SDKROOT = iphoneos;
				VALIDATE_PRODUCT = YES;
			};
			name = Release;
		};
		55ED092E23E5D8DD00407EF0 /* Debug */ = {
			isa = XCBuildConfiguration;
			buildSettings = {
				ASSETCATALOG_COMPILER_APPICON_NAME = AppIcon;
				CODE_SIGN_STYLE = Automatic;
				INFOPLIST_FILE = HttpServerRequest/Info.plist;
				LD_RUNPATH_SEARCH_PATHS = (
					"$(inherited)",
					"@executable_path/Frameworks",
				);
				PRODUCT_BUNDLE_IDENTIFIER = com.mehedi.HttpServerRequest;
				PRODUCT_NAME = "$(TARGET_NAME)";
				TARGETED_DEVICE_FAMILY = "1,2";
			};
			name = Debug;
		};
		55ED092F23E5D8DD00407EF0 /* Release */ = {
			isa = XCBuildConfiguration;
			buildSettings = {
				ASSETCATALOG_COMPILER_APPICON_NAME = AppIcon;
				CODE_SIGN_STYLE = Automatic;
				INFOPLIST_FILE = HttpServerRequest/Info.plist;
				LD_RUNPATH_SEARCH_PATHS = (
					"$(inherited)",
					"@executable_path/Frameworks",
				);
				PRODUCT_BUNDLE_IDENTIFIER = com.mehedi.HttpServerRequest;
				PRODUCT_NAME = "$(TARGET_NAME)";
				TARGETED_DEVICE_FAMILY = "1,2";
			};
			name = Release;
		};
		55ED093123E5D8DD00407EF0 /* Debug */ = {
			isa = XCBuildConfiguration;
			buildSettings = {
				BUNDLE_LOADER = "$(TEST_HOST)";
				CODE_SIGN_STYLE = Automatic;
				INFOPLIST_FILE = HttpServerRequestTests/Info.plist;
				LD_RUNPATH_SEARCH_PATHS = (
					"$(inherited)",
					"@executable_path/Frameworks",
					"@loader_path/Frameworks",
				);
				PRODUCT_BUNDLE_IDENTIFIER = com.mehedi.HttpServerRequestTests;
				PRODUCT_NAME = "$(TARGET_NAME)";
				TARGETED_DEVICE_FAMILY = "1,2";
				TEST_HOST = "$(BUILT_PRODUCTS_DIR)/HttpServerRequest.app/HttpServerRequest";
			};
			name = Debug;
		};
		55ED093223E5D8DD00407EF0 /* Release */ = {
			isa = XCBuildConfiguration;
			buildSettings = {
				BUNDLE_LOADER = "$(TEST_HOST)";
				CODE_SIGN_STYLE = Automatic;
				INFOPLIST_FILE = HttpServerRequestTests/Info.plist;
				LD_RUNPATH_SEARCH_PATHS = (
					"$(inherited)",
					"@executable_path/Frameworks",
					"@loader_path/Frameworks",
				);
				PRODUCT_BUNDLE_IDENTIFIER = com.mehedi.HttpServerRequestTests;
				PRODUCT_NAME = "$(TARGET_NAME)";
				TARGETED_DEVICE_FAMILY = "1,2";
				TEST_HOST = "$(BUILT_PRODUCTS_DIR)/HttpServerRequest.app/HttpServerRequest";
			};
			name = Release;
		};
		55ED093423E5D8DD00407EF0 /* Debug */ = {
			isa = XCBuildConfiguration;
			buildSettings = {
				CODE_SIGN_STYLE = Automatic;
				INFOPLIST_FILE = HttpServerRequestUITests/Info.plist;
				LD_RUNPATH_SEARCH_PATHS = (
					"$(inherited)",
					"@executable_path/Frameworks",
					"@loader_path/Frameworks",
				);
				PRODUCT_BUNDLE_IDENTIFIER = com.mehedi.HttpServerRequestUITests;
				PRODUCT_NAME = "$(TARGET_NAME)";
				TARGETED_DEVICE_FAMILY = "1,2";
				TEST_TARGET_NAME = HttpServerRequest;
			};
			name = Debug;
		};
		55ED093523E5D8DD00407EF0 /* Release */ = {
			isa = XCBuildConfiguration;
			buildSettings = {
				CODE_SIGN_STYLE = Automatic;
				INFOPLIST_FILE = HttpServerRequestUITests/Info.plist;
				LD_RUNPATH_SEARCH_PATHS = (
					"$(inherited)",
					"@executable_path/Frameworks",
					"@loader_path/Frameworks",
				);
				PRODUCT_BUNDLE_IDENTIFIER = com.mehedi.HttpServerRequestUITests;
				PRODUCT_NAME = "$(TARGET_NAME)";
				TARGETED_DEVICE_FAMILY = "1,2";
				TEST_TARGET_NAME = HttpServerRequest;
			};
			name = Release;
		};
/* End XCBuildConfiguration section */

/* Begin XCConfigurationList section */
		55ED08FC23E5D8D800407EF0 /* Build configuration list for PBXProject "HttpServerRequest" */ = {
			isa = XCConfigurationList;
			buildConfigurations = (
				55ED092B23E5D8DD00407EF0 /* Debug */,
				55ED092C23E5D8DD00407EF0 /* Release */,
			);
			defaultConfigurationIsVisible = 0;
			defaultConfigurationName = Release;
		};
		55ED092D23E5D8DD00407EF0 /* Build configuration list for PBXNativeTarget "HttpServerRequest" */ = {
			isa = XCConfigurationList;
			buildConfigurations = (
				55ED092E23E5D8DD00407EF0 /* Debug */,
				55ED092F23E5D8DD00407EF0 /* Release */,
			);
			defaultConfigurationIsVisible = 0;
			defaultConfigurationName = Release;
		};
		55ED093023E5D8DD00407EF0 /* Build configuration list for PBXNativeTarget "HttpServerRequestTests" */ = {
			isa = XCConfigurationList;
			buildConfigurations = (
				55ED093123E5D8DD00407EF0 /* Debug */,
				55ED093223E5D8DD00407EF0 /* Release */,
			);
			defaultConfigurationIsVisible = 0;
			defaultConfigurationName = Release;
		};
		55ED093323E5D8DD00407EF0 /* Build configuration list for PBXNativeTarget "HttpServerRequestUITests" */ = {
			isa = XCConfigurationList;
			buildConfigurations = (
				55ED093423E5D8DD00407EF0 /* Debug */,
				55ED093523E5D8DD00407EF0 /* Release */,
			);
			defaultConfigurationIsVisible = 0;
			defaultConfigurationName = Release;
		};
/* End XCConfigurationList section */
	};
	rootObject = 55ED08F923E5D8D800407EF0 /* Project object */;
}
